
Microsoft Visual Studio Solution File, Format Version 12.00
# Visual Studio Version 16
VisualStudioVersion = 16.0.29728.190
MinimumVisualStudioVersion = 10.0.40219.1
Project("{FAE04EC0-301F-11D3-BF4B-00C04F79EFBC}") = "Projetoteste", "Projetoteste\Projetoteste.csproj", "{7139ACC9-4CFC-4B5D-B812-0EE2F1D5F351}"
EndProject
Global
	GlobalSection(SolutionConfigurationPlatforms) = preSolution
		Debug|Any CPU = Debug|Any CPU
		Release|Any CPU = Release|Any CPU
	EndGlobalSection
	GlobalSection(ProjectConfigurationPlatforms) = postSolution
		{7139ACC9-4CFC-4B5D-B812-0EE2F1D5F351}.Debug|Any CPU.ActiveCfg = Debug|Any CPU
		{7139ACC9-4CFC-4B5D-B812-0EE2F1D5F351}.Debug|Any CPU.Build.0 = Debug|Any CPU
		{7139ACC9-4CFC-4B5D-B812-0EE2F1D5F351}.Release|Any CPU.ActiveCfg = Release|Any CPU
		{7139ACC9-4CFC-4B5D-B812-0EE2F1D5F351}.Release|Any CPU.Build.0 = Release|Any CPU
	EndGlobalSection
	GlobalSection(SolutionProperties) = preSolution
		HideSolutionNode = FALSE
	EndGlobalSection
	GlobalSection(ExtensibilityGlobals) = postSolution
		SolutionGuid = {8AE68FE2-2961-4191-80C2-0A0760D09B69}
	EndGlobalSection
EndGlobal
